// !$*UTF8*$!
{
	archiveVersion = 1;
	classes = {
	};
	objectVersion = 56;
	objects = {

/* Begin PBXBuildFile section */
		41B2A4DF2C7A4E0A00029616 /* WeatherApp.swift in Sources */ = {isa = PBXBuildFile; fileRef = 41B2A4DE2C7A4E0A00029616 /* WeatherApp.swift */; };
		41B2A4E12C7A4E0A00029616 /* ContentView.swift in Sources */ = {isa = PBXBuildFile; fileRef = 41B2A4E02C7A4E0A00029616 /* ContentView.swift */; };
		41B2A4E32C7A4E0B00029616 /* Assets.xcassets in Resources */ = {isa = PBXBuildFile; fileRef = 41B2A4E22C7A4E0B00029616 /* Assets.xcassets */; };
		41B2A4E62C7A4E0B00029616 /* Preview Assets.xcassets in Resources */ = {isa = PBXBuildFile; fileRef = 41B2A4E52C7A4E0B00029616 /* Preview Assets.xcassets */; };
		41B2A4F02C7A4FA800029616 /* LocationManager.swift in Sources */ = {isa = PBXBuildFile; fileRef = 41B2A4EF2C7A4FA800029616 /* LocationManager.swift */; };
		41B2A4F32C7A56AA00029616 /* WelcomeView.swift in Sources */ = {isa = PBXBuildFile; fileRef = 41B2A4F22C7A56AA00029616 /* WelcomeView.swift */; };
		41B2A4F52C7AF51700029616 /* LoadingView.swift in Sources */ = {isa = PBXBuildFile; fileRef = 41B2A4F42C7AF51700029616 /* LoadingView.swift */; };
		41B2A4F72C7AFAE000029616 /* WeatherManager.swift in Sources */ = {isa = PBXBuildFile; fileRef = 41B2A4F62C7AFAE000029616 /* WeatherManager.swift */; };
		41B2A4F92C7C58A800029616 /* WeatherView.swift in Sources */ = {isa = PBXBuildFile; fileRef = 41B2A4F82C7C58A800029616 /* WeatherView.swift */; };
		41B2A4FB2C7C58D700029616 /* DataModel.swift in Sources */ = {isa = PBXBuildFile; fileRef = 41B2A4FA2C7C58D700029616 /* DataModel.swift */; };
		41B2A4FE2C7C592800029616 /* weatherData.json in Resources */ = {isa = PBXBuildFile; fileRef = 41B2A4FD2C7C592800029616 /* weatherData.json */; };
		41B2A5002C7C59A400029616 /* Extensions.swift in Sources */ = {isa = PBXBuildFile; fileRef = 41B2A4FF2C7C59A400029616 /* Extensions.swift */; };
		41B2A5052C7C5C0A00029616 /* WeatherRow.swift in Sources */ = {isa = PBXBuildFile; fileRef = 41B2A5042C7C5C0A00029616 /* WeatherRow.swift */; };
/* End PBXBuildFile section */

/* Begin PBXFileReference section */
		41B2A4DB2C7A4E0A00029616 /* Weather.app */ = {isa = PBXFileReference; explicitFileType = wrapper.application; includeInIndex = 0; path = Weather.app; sourceTree = BUILT_PRODUCTS_DIR; };
		41B2A4DE2C7A4E0A00029616 /* WeatherApp.swift */ = {isa = PBXFileReference; lastKnownFileType = sourcecode.swift; path = WeatherApp.swift; sourceTree = "<group>"; };
		41B2A4E02C7A4E0A00029616 /* ContentView.swift */ = {isa = PBXFileReference; lastKnownFileType = sourcecode.swift; path = ContentView.swift; sourceTree = "<group>"; };
		41B2A4E22C7A4E0B00029616 /* Assets.xcassets */ = {isa = PBXFileReference; lastKnownFileType = folder.assetcatalog; path = Assets.xcassets; sourceTree = "<group>"; };
		41B2A4E52C7A4E0B00029616 /* Preview Assets.xcassets */ = {isa = PBXFileReference; lastKnownFileType = folder.assetcatalog; path = "Preview Assets.xcassets"; sourceTree = "<group>"; };
		41B2A4EF2C7A4FA800029616 /* LocationManager.swift */ = {isa = PBXFileReference; lastKnownFileType = sourcecode.swift; path = LocationManager.swift; sourceTree = "<group>"; };
		41B2A4F22C7A56AA00029616 /* WelcomeView.swift */ = {isa = PBXFileReference; lastKnownFileType = sourcecode.swift; path = WelcomeView.swift; sourceTree = "<group>"; };
		41B2A4F42C7AF51700029616 /* LoadingView.swift */ = {isa = PBXFileReference; lastKnownFileType = sourcecode.swift; path = LoadingView.swift; sourceTree = "<group>"; };
		41B2A4F62C7AFAE000029616 /* WeatherManager.swift */ = {isa = PBXFileReference; lastKnownFileType = sourcecode.swift; path = WeatherManager.swift; sourceTree = "<group>"; };
		41B2A4F82C7C58A800029616 /* WeatherView.swift */ = {isa = PBXFileReference; lastKnownFileType = sourcecode.swift; path = WeatherView.swift; sourceTree = "<group>"; };
		41B2A4FA2C7C58D700029616 /* DataModel.swift */ = {isa = PBXFileReference; lastKnownFileType = sourcecode.swift; path = DataModel.swift; sourceTree = "<group>"; };
		41B2A4FD2C7C592800029616 /* weatherData.json */ = {isa = PBXFileReference; lastKnownFileType = text.json; path = weatherData.json; sourceTree = "<group>"; };
		41B2A4FF2C7C59A400029616 /* Extensions.swift */ = {isa = PBXFileReference; lastKnownFileType = sourcecode.swift; path = Extensions.swift; sourceTree = "<group>"; };
		41B2A5042C7C5C0A00029616 /* WeatherRow.swift */ = {isa = PBXFileReference; lastKnownFileType = sourcecode.swift; path = WeatherRow.swift; sourceTree = "<group>"; };
/* End PBXFileReference section */

/* Begin PBXFrameworksBuildPhase section */
		41B2A4D82C7A4E0A00029616 /* Frameworks */ = {
			isa = PBXFrameworksBuildPhase;
			buildActionMask = 2147483647;
			files = (
			);
			runOnlyForDeploymentPostprocessing = 0;
		};
/* End PBXFrameworksBuildPhase section */

/* Begin PBXGroup section */
		41B2A4D22C7A4E0A00029616 = {
			isa = PBXGroup;
			children = (
				41B2A4DE2C7A4E0A00029616 /* WeatherApp.swift */,
				41B2A4DD2C7A4E0A00029616 /* Weather */,
				41B2A4DC2C7A4E0A00029616 /* Products */,
			);
			sourceTree = "<group>";
		};
		41B2A4DC2C7A4E0A00029616 /* Products */ = {
			isa = PBXGroup;
			children = (
				41B2A4DB2C7A4E0A00029616 /* Weather.app */,
			);
			name = Products;
			sourceTree = "<group>";
		};
		41B2A4DD2C7A4E0A00029616 /* Weather */ = {
			isa = PBXGroup;
			children = (
				41B2A5032C7C5BFC00029616 /* Components */,
				41B2A4FF2C7C59A400029616 /* Extensions.swift */,
				41B2A4FC2C7C590800029616 /* DataModel */,
				41B2A4F12C7A560E00029616 /* Views */,
				41B2A4EC2C7A4F7900029616 /* Location Manager */,
				41B2A4E22C7A4E0B00029616 /* Assets.xcassets */,
				41B2A4E42C7A4E0B00029616 /* Preview Content */,
			);
			path = Weather;
			sourceTree = "<group>";
		};
		41B2A4E42C7A4E0B00029616 /* Preview Content */ = {
			isa = PBXGroup;
			children = (
				41B2A4E52C7A4E0B00029616 /* Preview Assets.xcassets */,
			);
			path = "Preview Content";
			sourceTree = "<group>";
		};
		41B2A4EC2C7A4F7900029616 /* Location Manager */ = {
			isa = PBXGroup;
			children = (
				41B2A4EF2C7A4FA800029616 /* LocationManager.swift */,
				41B2A4F62C7AFAE000029616 /* WeatherManager.swift */,
			);
			path = "Location Manager";
			sourceTree = "<group>";
		};
		41B2A4F12C7A560E00029616 /* Views */ = {
			isa = PBXGroup;
			children = (
				41B2A4E02C7A4E0A00029616 /* ContentView.swift */,
				41B2A4F22C7A56AA00029616 /* WelcomeView.swift */,
				41B2A4F42C7AF51700029616 /* LoadingView.swift */,
				41B2A4F82C7C58A800029616 /* WeatherView.swift */,
			);
			path = Views;
			sourceTree = "<group>";
		};
		41B2A4FC2C7C590800029616 /* DataModel */ = {
			isa = PBXGroup;
			children = (
				41B2A4FA2C7C58D700029616 /* DataModel.swift */,
				41B2A4FD2C7C592800029616 /* weatherData.json */,
			);
			path = DataModel;
			sourceTree = "<group>";
		};
		41B2A5032C7C5BFC00029616 /* Components */ = {
			isa = PBXGroup;
			children = (
				41B2A5042C7C5C0A00029616 /* WeatherRow.swift */,
			);
			path = Components;
			sourceTree = "<group>";
		};
/* End PBXGroup section */

/* Begin PBXNativeTarget section */
		41B2A4DA2C7A4E0A00029616 /* Weather */ = {
			isa = PBXNativeTarget;
			buildConfigurationList = 41B2A4E92C7A4E0B00029616 /* Build configuration list for PBXNativeTarget "Weather" */;
			buildPhases = (
				41B2A4D72C7A4E0A00029616 /* Sources */,
				41B2A4D82C7A4E0A00029616 /* Frameworks */,
				41B2A4D92C7A4E0A00029616 /* Resources */,
			);
			buildRules = (
			);
			dependencies = (
			);
			name = Weather;
			productName = Weather;
			productReference = 41B2A4DB2C7A4E0A00029616 /* Weather.app */;
			productType = "com.apple.product-type.application";
		};
/* End PBXNativeTarget section */

/* Begin PBXProject section */
		41B2A4D32C7A4E0A00029616 /* Project object */ = {
			isa = PBXProject;
			attributes = {
				BuildIndependentTargetsInParallel = 1;
				LastSwiftUpdateCheck = 1540;
				LastUpgradeCheck = 1540;
				TargetAttributes = {
					41B2A4DA2C7A4E0A00029616 = {
						CreatedOnToolsVersion = 15.4;
					};
				};
			};
			buildConfigurationList = 41B2A4D62C7A4E0A00029616 /* Build configuration list for PBXProject "Weather" */;
			compatibilityVersion = "Xcode 14.0";
			developmentRegion = en;
			hasScannedForEncodings = 0;
			knownRegions = (
				en,
				Base,
			);
			mainGroup = 41B2A4D22C7A4E0A00029616;
			productRefGroup = 41B2A4DC2C7A4E0A00029616 /* Products */;
			projectDirPath = "";
			projectRoot = "";
			targets = (
				41B2A4DA2C7A4E0A00029616 /* Weather */,
			);
		};
/* End PBXProject section */

/* Begin PBXResourcesBuildPhase section */
		41B2A4D92C7A4E0A00029616 /* Resources */ = {
			isa = PBXResourcesBuildPhase;
			buildActionMask = 2147483647;
			files = (
				41B2A4E62C7A4E0B00029616 /* Preview Assets.xcassets in Resources */,
				41B2A4E32C7A4E0B00029616 /* Assets.xcassets in Resources */,
				41B2A4FE2C7C592800029616 /* weatherData.json in Resources */,
			);
			runOnlyForDeploymentPostprocessing = 0;
		};
/* End PBXResourcesBuildPhase section */

/* Begin PBXSourcesBuildPhase section */
		41B2A4D72C7A4E0A00029616 /* Sources */ = {
			isa = PBXSourcesBuildPhase;
			buildActionMask = 2147483647;
			files = (
				41B2A4F72C7AFAE000029616 /* WeatherManager.swift in Sources */,
				41B2A5002C7C59A400029616 /* Extensions.swift in Sources */,
				41B2A4E12C7A4E0A00029616 /* ContentView.swift in Sources */,
				41B2A4DF2C7A4E0A00029616 /* WeatherApp.swift in Sources */,
				41B2A4F02C7A4FA800029616 /* LocationManager.swift in Sources */,
				41B2A5052C7C5C0A00029616 /* WeatherRow.swift in Sources */,
				41B2A4F52C7AF51700029616 /* LoadingView.swift in Sources */,
				41B2A4FB2C7C58D700029616 /* DataModel.swift in Sources */,
				41B2A4F92C7C58A800029616 /* WeatherView.swift in Sources */,
				41B2A4F32C7A56AA00029616 /* WelcomeView.swift in Sources */,
			);
			runOnlyForDeploymentPostprocessing = 0;
		};
/* End PBXSourcesBuildPhase section */

/* Begin XCBuildConfiguration section */
		41B2A4E72C7A4E0B00029616 /* Debug */ = {
			isa = XCBuildConfiguration;
			buildSettings = {
				ALWAYS_SEARCH_USER_PATHS = NO;
				ASSETCATALOG_COMPILER_GENERATE_SWIFT_ASSET_SYMBOL_EXTENSIONS = YES;
				CLANG_ANALYZER_NONNULL = YES;
				CLANG_ANALYZER_NUMBER_OBJECT_CONVERSION = YES_AGGRESSIVE;
				CLANG_CXX_LANGUAGE_STANDARD = "gnu++20";
				CLANG_ENABLE_MODULES = YES;
				CLANG_ENABLE_OBJC_ARC = YES;
				CLANG_ENABLE_OBJC_WEAK = YES;
				CLANG_WARN_BLOCK_CAPTURE_AUTORELEASING = YES;
				CLANG_WARN_BOOL_CONVERSION = YES;
				CLANG_WARN_COMMA = YES;
				CLANG_WARN_CONSTANT_CONVERSION = YES;
				CLANG_WARN_DEPRECATED_OBJC_IMPLEMENTATIONS = YES;
				CLANG_WARN_DIRECT_OBJC_ISA_USAGE = YES_ERROR;
				CLANG_WARN_DOCUMENTATION_COMMENTS = YES;
				CLANG_WARN_EMPTY_BODY = YES;
				CLANG_WARN_ENUM_CONVERSION = YES;
				CLANG_WARN_INFINITE_RECURSION = YES;
				CLANG_WARN_INT_CONVERSION = YES;
				CLANG_WARN_NON_LITERAL_NULL_CONVERSION = YES;
				CLANG_WARN_OBJC_IMPLICIT_RETAIN_SELF = YES;
				CLANG_WARN_OBJC_LITERAL_CONVERSION = YES;
				CLANG_WARN_OBJC_ROOT_CLASS = YES_ERROR;
				CLANG_WARN_QUOTED_INCLUDE_IN_FRAMEWORK_HEADER = YES;
				CLANG_WARN_RANGE_LOOP_ANALYSIS = YES;
				CLANG_WARN_STRICT_PROTOTYPES = YES;
				CLANG_WARN_SUSPICIOUS_MOVE = YES;
				CLANG_WARN_UNGUARDED_AVAILABILITY = YES_AGGRESSIVE;
				CLANG_WARN_UNREACHABLE_CODE = YES;
				CLANG_WARN__DUPLICATE_METHOD_MATCH = YES;
				COPY_PHASE_STRIP = NO;
				DEBUG_INFORMATION_FORMAT = dwarf;
				ENABLE_STRICT_OBJC_MSGSEND = YES;
				ENABLE_TESTABILITY = YES;
				ENABLE_USER_SCRIPT_SANDBOXING = YES;
				GCC_C_LANGUAGE_STANDARD = gnu17;
				GCC_DYNAMIC_NO_PIC = NO;
				GCC_NO_COMMON_BLOCKS = YES;
				GCC_OPTIMIZATION_LEVEL = 0;
				GCC_PREPROCESSOR_DEFINITIONS = (
					"DEBUG=1",
					"$(inherited)",
				);
				GCC_WARN_64_TO_32_BIT_CONVERSION = YES;
				GCC_WARN_ABOUT_RETURN_TYPE = YES_ERROR;
				GCC_WARN_UNDECLARED_SELECTOR = YES;
				GCC_WARN_UNINITIALIZED_AUTOS = YES_AGGRESSIVE;
				GCC_WARN_UNUSED_FUNCTION = YES;
				GCC_WARN_UNUSED_VARIABLE = YES;
				IPHONEOS_DEPLOYMENT_TARGET = 17.5;
				LOCALIZATION_PREFERS_STRING_CATALOGS = YES;
				MTL_ENABLE_DEBUG_INFO = INCLUDE_SOURCE;
				MTL_FAST_MATH = YES;
				ONLY_ACTIVE_ARCH = YES;
				SDKROOT = iphoneos;
				SWIFT_ACTIVE_COMPILATION_CONDITIONS = "DEBUG $(inherited)";
				SWIFT_OPTIMIZATION_LEVEL = "-Onone";
			};
			name = Debug;
		};
		41B2A4E82C7A4E0B00029616 /* Release */ = {
			isa = XCBuildConfiguration;
			buildSettings = {
				ALWAYS_SEARCH_USER_PATHS = NO;
				ASSETCATALOG_COMPILER_GENERATE_SWIFT_ASSET_SYMBOL_EXTENSIONS = YES;
				CLANG_ANALYZER_NONNULL = YES;
				CLANG_ANALYZER_NUMBER_OBJECT_CONVERSION = YES_AGGRESSIVE;
				CLANG_CXX_LANGUAGE_STANDARD = "gnu++20";
				CLANG_ENABLE_MODULES = YES;
				CLANG_ENABLE_OBJC_ARC = YES;
				CLANG_ENABLE_OBJC_WEAK = YES;
				CLANG_WARN_BLOCK_CAPTURE_AUTORELEASING = YES;
				CLANG_WARN_BOOL_CONVERSION = YES;
				CLANG_WARN_COMMA = YES;
				CLANG_WARN_CONSTANT_CONVERSION = YES;
				CLANG_WARN_DEPRECATED_OBJC_IMPLEMENTATIONS = YES;
				CLANG_WARN_DIRECT_OBJC_ISA_USAGE = YES_ERROR;
				CLANG_WARN_DOCUMENTATION_COMMENTS = YES;
				CLANG_WARN_EMPTY_BODY = YES;
				CLANG_WARN_ENUM_CONVERSION = YES;
				CLANG_WARN_INFINITE_RECURSION = YES;
				CLANG_WARN_INT_CONVERSION = YES;
				CLANG_WARN_NON_LITERAL_NULL_CONVERSION = YES;
				CLANG_WARN_OBJC_IMPLICIT_RETAIN_SELF = YES;
				CLANG_WARN_OBJC_LITERAL_CONVERSION = YES;
				CLANG_WARN_OBJC_ROOT_CLASS = YES_ERROR;
				CLANG_WARN_QUOTED_INCLUDE_IN_FRAMEWORK_HEADER = YES;
				CLANG_WARN_RANGE_LOOP_ANALYSIS = YES;
				CLANG_WARN_STRICT_PROTOTYPES = YES;
				CLANG_WARN_SUSPICIOUS_MOVE = YES;
				CLANG_WARN_UNGUARDED_AVAILABILITY = YES_AGGRESSIVE;
				CLANG_WARN_UNREACHABLE_CODE = YES;
				CLANG_WARN__DUPLICATE_METHOD_MATCH = YES;
				COPY_PHASE_STRIP = NO;
				DEBUG_INFORMATION_FORMAT = "dwarf-with-dsym";
				ENABLE_NS_ASSERTIONS = NO;
				ENABLE_STRICT_OBJC_MSGSEND = YES;
				ENABLE_USER_SCRIPT_SANDBOXING = YES;
				GCC_C_LANGUAGE_STANDARD = gnu17;
				GCC_NO_COMMON_BLOCKS = YES;
				GCC_WARN_64_TO_32_BIT_CONVERSION = YES;
				GCC_WARN_ABOUT_RETURN_TYPE = YES_ERROR;
				GCC_WARN_UNDECLARED_SELECTOR = YES;
				GCC_WARN_UNINITIALIZED_AUTOS = YES_AGGRESSIVE;
				GCC_WARN_UNUSED_FUNCTION = YES;
				GCC_WARN_UNUSED_VARIABLE = YES;
				IPHONEOS_DEPLOYMENT_TARGET = 17.5;
				LOCALIZATION_PREFERS_STRING_CATALOGS = YES;
				MTL_ENABLE_DEBUG_INFO = NO;
				MTL_FAST_MATH = YES;
				SDKROOT = iphoneos;
				SWIFT_COMPILATION_MODE = wholemodule;
				VALIDATE_PRODUCT = YES;
			};
			name = Release;
		};
		41B2A4EA2C7A4E0B00029616 /* Debug */ = {
			isa = XCBuildConfiguration;
			buildSettings = {
				ASSETCATALOG_COMPILER_APPICON_NAME = AppIcon;
				ASSETCATALOG_COMPILER_GLOBAL_ACCENT_COLOR_NAME = AccentColor;
				CODE_SIGN_STYLE = Automatic;
				CURRENT_PROJECT_VERSION = 1;
				DEVELOPMENT_ASSET_PATHS = "\"Weather/Preview Content\"";
				DEVELOPMENT_TEAM = 4YJD6J892X;
				ENABLE_PREVIEWS = YES;
				GENERATE_INFOPLIST_FILE = YES;
				INFOPLIST_KEY_UIApplicationSceneManifest_Generation = YES;
				INFOPLIST_KEY_UIApplicationSupportsIndirectInputEvents = YES;
				INFOPLIST_KEY_UILaunchScreen_Generation = YES;
				INFOPLIST_KEY_UISupportedInterfaceOrientations_iPad = "UIInterfaceOrientationPortrait UIInterfaceOrientationPortraitUpsideDown UIInterfaceOrientationLandscapeLeft UIInterfaceOrientationLandscapeRight";
				INFOPLIST_KEY_UISupportedInterfaceOrientations_iPhone = "UIInterfaceOrientationPortrait UIInterfaceOrientationLandscapeLeft UIInterfaceOrientationLandscapeRight";
				LD_RUNPATH_SEARCH_PATHS = (
					"$(inherited)",
					"@executable_path/Frameworks",
				);
				MARKETING_VERSION = 1.0;
				PRODUCT_BUNDLE_IDENTIFIER = com.google.Weather;
				PRODUCT_NAME = "$(TARGET_NAME)";
				SWIFT_EMIT_LOC_STRINGS = YES;
				SWIFT_VERSION = 5.0;
				TARGETED_DEVICE_FAMILY = "1,2";
			};
			name = Debug;
		};
		41B2A4EB2C7A4E0B00029616 /* Release */ = {
			isa = XCBuildConfiguration;
			buildSettings = {
				ASSETCATALOG_COMPILER_APPICON_NAME = AppIcon;
				ASSETCATALOG_COMPILER_GLOBAL_ACCENT_COLOR_NAME = AccentColor;
				CODE_SIGN_STYLE = Automatic;
				CURRENT_PROJECT_VERSION = 1;
				DEVELOPMENT_ASSET_PATHS = "\"Weather/Preview Content\"";
				DEVELOPMENT_TEAM = 4YJD6J892X;
				ENABLE_PREVIEWS = YES;
				GENERATE_INFOPLIST_FILE = YES;
				INFOPLIST_KEY_UIApplicationSceneManifest_Generation = YES;
				INFOPLIST_KEY_UIApplicationSupportsIndirectInputEvents = YES;
				INFOPLIST_KEY_UILaunchScreen_Generation = YES;
				INFOPLIST_KEY_UISupportedInterfaceOrientations_iPad = "UIInterfaceOrientationPortrait UIInterfaceOrientationPortraitUpsideDown UIInterfaceOrientationLandscapeLeft UIInterfaceOrientationLandscapeRight";
				INFOPLIST_KEY_UISupportedInterfaceOrientations_iPhone = "UIInterfaceOrientationPortrait UIInterfaceOrientationLandscapeLeft UIInterfaceOrientationLandscapeRight";
				LD_RUNPATH_SEARCH_PATHS = (
					"$(inherited)",
					"@executable_path/Frameworks",
				);
				MARKETING_VERSION = 1.0;
				PRODUCT_BUNDLE_IDENTIFIER = com.google.Weather;
				PRODUCT_NAME = "$(TARGET_NAME)";
				SWIFT_EMIT_LOC_STRINGS = YES;
				SWIFT_VERSION = 5.0;
				TARGETED_DEVICE_FAMILY = "1,2";
			};
			name = Release;
		};
/* End XCBuildConfiguration section */

/* Begin XCConfigurationList section */
		41B2A4D62C7A4E0A00029616 /* Build configuration list for PBXProject "Weather" */ = {
			isa = XCConfigurationList;
			buildConfigurations = (
				41B2A4E72C7A4E0B00029616 /* Debug */,
				41B2A4E82C7A4E0B00029616 /* Release */,
			);
			defaultConfigurationIsVisible = 0;
			defaultConfigurationName = Release;
		};
		41B2A4E92C7A4E0B00029616 /* Build configuration list for PBXNativeTarget "Weather" */ = {
			isa = XCConfigurationList;
			buildConfigurations = (
				41B2A4EA2C7A4E0B00029616 /* Debug */,
				41B2A4EB2C7A4E0B00029616 /* Release */,
			);
			defaultConfigurationIsVisible = 0;
			defaultConfigurationName = Release;
		};
/* End XCConfigurationList section */
	};
	rootObject = 41B2A4D32C7A4E0A00029616 /* Project object */;
}
